{
  "name": "sun",
  "lockfileVersion": 3,
  "requires": true,
  "packages": {
    "": {
      "name": "sun",
      "dependencies": {
        "@takram/three-atmosphere": "^0.12.0",
        "three": "^0.177.0"
      },
      "devDependencies": {
        "@rsbuild/core": "^1.3.22",
        "culori": "^4.0.1",
        "suncalc": "^1.9.0"
      }
    },
    "node_modules/@babel/runtime": {
      "version": "7.27.6",
      "resolved": "https://registry.npmjs.org/@babel/runtime/-/runtime-7.27.6.tgz",
      "integrity": "sha512-vbavdySgbTTrmFE+EsiqUTzlOr5bzlnJtUv9PynGCAKvfQqjIXbvFdumPM/GxMDfyuGMJaJAU6TO4zc1Jf1i8Q==",
      "license": "MIT",
      "peer": true,
      "engines": {
        "node": ">=6.9.0"
      }
    },
    "node_modules/@module-federation/error-codes": {
      "version": "0.14.0",
      "resolved": "https://registry.npmjs.org/@module-federation/error-codes/-/error-codes-0.14.0.tgz",
      "integrity": "sha512-GGk+EoeSACJikZZyShnLshtq9E2eCrDWbRiB4QAFXCX4oYmGgFfzXlx59vMNwqTKPJWxkEGnPYacJMcr2YYjag==",
      "dev": true,
      "license": "MIT"
    },
    "node_modules/@module-federation/runtime": {
      "version": "0.14.0",
      "resolved": "https://registry.npmjs.org/@module-federation/runtime/-/runtime-0.14.0.tgz",
      "integrity": "sha512-kR3cyHw/Y64SEa7mh4CHXOEQYY32LKLK75kJOmBroLNLO7/W01hMNAvGBYTedS7hWpVuefPk1aFZioy3q2VLdQ==",
      "dev": true,
      "license": "MIT",
      "dependencies": {
        "@module-federation/error-codes": "0.14.0",
        "@module-federation/runtime-core": "0.14.0",
        "@module-federation/sdk": "0.14.0"
      }
    },
    "node_modules/@module-federation/runtime-core": {
      "version": "0.14.0",
      "resolved": "https://registry.npmjs.org/@module-federation/runtime-core/-/runtime-core-0.14.0.tgz",
      "integrity": "sha512-fGE1Ro55zIFDp/CxQuRhKQ1pJvG7P0qvRm2N+4i8z++2bgDjcxnCKUqDJ8lLD+JfJQvUJf0tuSsJPgevzueD4g==",
      "dev": true,
      "license": "MIT",
      "dependencies": {
        "@module-federation/error-codes": "0.14.0",
        "@module-federation/sdk": "0.14.0"
      }
    },
    "node_modules/@module-federation/runtime-tools": {
      "version": "0.14.0",
      "resolved": "https://registry.npmjs.org/@module-federation/runtime-tools/-/runtime-tools-0.14.0.tgz",
      "integrity": "sha512-y/YN0c2DKsLETE+4EEbmYWjqF9G6ZwgZoDIPkaQ9p0pQu0V4YxzWfQagFFxR0RigYGuhJKmSU/rtNoHq+qF8jg==",
      "dev": true,
      "license": "MIT",
      "dependencies": {
        "@module-federation/runtime": "0.14.0",
        "@module-federation/webpack-bundler-runtime": "0.14.0"
      }
    },
    "node_modules/@module-federation/sdk": {
      "version": "0.14.0",
      "resolved": "https://registry.npmjs.org/@module-federation/sdk/-/sdk-0.14.0.tgz",
      "integrity": "sha512-lg/OWRsh18hsyTCamOOhEX546vbDiA2O4OggTxxH2wTGr156N6DdELGQlYIKfRdU/0StgtQS81Goc0BgDZlx9A==",
      "dev": true,
      "license": "MIT"
    },
    "node_modules/@module-federation/webpack-bundler-runtime": {
      "version": "0.14.0",
      "resolved": "https://registry.npmjs.org/@module-federation/webpack-bundler-runtime/-/webpack-bundler-runtime-0.14.0.tgz",
      "integrity": "sha512-POWS6cKBicAAQ3DNY5X7XEUSfOfUsRaBNxbuwEfSGlrkTE9UcWheO06QP2ndHi8tHQuUKcIHi2navhPkJ+k5xg==",
      "dev": true,
      "license": "MIT",
      "dependencies": {
        "@module-federation/runtime": "0.14.0",
        "@module-federation/sdk": "0.14.0"
      }
    },
    "node_modules/@petamoriken/float16": {
      "version": "3.9.2",
      "resolved": "https://registry.npmjs.org/@petamoriken/float16/-/float16-3.9.2.tgz",
      "integrity": "sha512-VgffxawQde93xKxT3qap3OH+meZf7VaSB5Sqd4Rqc+FP5alWbpOyan/7tRbOAvynjpG3GpdtAuGU/NdhQpmrog==",
      "license": "MIT"
    },
    "node_modules/@react-three/fiber": {
      "version": "9.1.2",
      "resolved": "https://registry.npmjs.org/@react-three/fiber/-/fiber-9.1.2.tgz",
      "integrity": "sha512-k8FR9yVHV9kIF3iuOD0ds5hVymXYXfgdKklqziBVod9ZEJ8uk05Zjw29J/omU3IKeUfLNAIHfxneN3TUYM4I2w==",
      "license": "MIT",
      "peer": true,
      "dependencies": {
        "@babel/runtime": "^7.17.8",
        "@types/react-reconciler": "^0.28.9",
        "@types/webxr": "*",
        "base64-js": "^1.5.1",
        "buffer": "^6.0.3",
        "its-fine": "^2.0.0",
        "react-reconciler": "^0.31.0",
        "react-use-measure": "^2.1.7",
        "scheduler": "^0.25.0",
        "suspend-react": "^0.1.3",
        "use-sync-external-store": "^1.4.0",
        "zustand": "^5.0.3"
      },
      "peerDependencies": {
        "expo": ">=43.0",
        "expo-asset": ">=8.4",
        "expo-file-system": ">=11.0",
        "expo-gl": ">=11.0",
        "react": "^19.0.0",
        "react-dom": "^19.0.0",
        "react-native": ">=0.78",
        "three": ">=0.156"
      },
      "peerDependenciesMeta": {
        "expo": {
          "optional": true
        },
        "expo-asset": {
          "optional": true
        },
        "expo-file-system": {
          "optional": true
        },
        "expo-gl": {
          "optional": true
        },
        "react-dom": {
          "optional": true
        },
        "react-native": {
          "optional": true
        }
      }
    },
    "node_modules/@rsbuild/core": {
      "version": "1.3.22",
      "resolved": "https://registry.npmjs.org/@rsbuild/core/-/core-1.3.22.tgz",
      "integrity": "sha512-FGB7m8Tn/uiOhvqk0lw+NRMyD+VYJ+eBqVfpn0X11spkJDiPWn8UkMRvfzCX4XFcNZwRKYuuKJaZK1DNU8UG+w==",
      "dev": true,
      "license": "MIT",
      "dependencies": {
        "@rspack/core": "1.3.12",
        "@rspack/lite-tapable": "~1.0.1",
        "@swc/helpers": "^0.5.17",
        "core-js": "~3.42.0",
        "jiti": "^2.4.2"
      },
      "bin": {
        "rsbuild": "bin/rsbuild.js"
      },
      "engines": {
        "node": ">=16.10.0"
      }
    },
    "node_modules/@rspack/binding": {
      "version": "1.3.12",
      "resolved": "https://registry.npmjs.org/@rspack/binding/-/binding-1.3.12.tgz",
      "integrity": "sha512-4Ic8lV0+LCBfTlH5aIOujIRWZOtgmG223zC4L3o8WY/+ESAgpdnK6lSSMfcYgRanYLAy3HOmFIp20jwskMpbAg==",
      "dev": true,
      "license": "MIT",
      "optionalDependencies": {
        "@rspack/binding-darwin-arm64": "1.3.12",
        "@rspack/binding-darwin-x64": "1.3.12",
        "@rspack/binding-linux-arm64-gnu": "1.3.12",
        "@rspack/binding-linux-arm64-musl": "1.3.12",
        "@rspack/binding-linux-x64-gnu": "1.3.12",
        "@rspack/binding-linux-x64-musl": "1.3.12",
        "@rspack/binding-win32-arm64-msvc": "1.3.12",
        "@rspack/binding-win32-ia32-msvc": "1.3.12",
        "@rspack/binding-win32-x64-msvc": "1.3.12"
      }
    },
    "node_modules/@rspack/binding-darwin-arm64": {
      "version": "1.3.12",
      "resolved": "https://registry.npmjs.org/@rspack/binding-darwin-arm64/-/binding-darwin-arm64-1.3.12.tgz",
      "integrity": "sha512-8hKjVTBeWPqkMzFPNWIh72oU9O3vFy3e88wRjMPImDCXBiEYrKqGTTLd/J0SO+efdL3SBD1rX1IvdJpxCv6Yrw==",
      "cpu": [
        "arm64"
      ],
      "dev": true,
      "license": "MIT",
      "optional": true,
      "os": [
        "darwin"
      ]
    },
    "node_modules/@rspack/binding-darwin-x64": {
      "version": "1.3.12",
      "resolved": "https://registry.npmjs.org/@rspack/binding-darwin-x64/-/binding-darwin-x64-1.3.12.tgz",
      "integrity": "sha512-Sj4m+mCUxL7oCpdu7OmWT7fpBM7hywk5CM9RDc3D7StaBZbvNtNftafCrTZzTYKuZrKmemTh5SFzT5Tz7tf6GA==",
      "cpu": [
        "x64"
      ],
      "dev": true,
      "license": "MIT",
      "optional": true,
      "os": [
        "darwin"
      ]
    },
    "node_modules/@rspack/binding-linux-arm64-gnu": {
      "version": "1.3.12",
      "resolved": "https://registry.npmjs.org/@rspack/binding-linux-arm64-gnu/-/binding-linux-arm64-gnu-1.3.12.tgz",
      "integrity": "sha512-7MuOxf3/Mhv4mgFdLTvgnt/J+VouNR65DEhorth+RZm3LEWojgoFEphSAMAvpvAOpYSS68Sw4SqsOZi719ia2w==",
      "cpu": [
        "arm64"
      ],
      "dev": true,
      "license": "MIT",
      "optional": true,
      "os": [
        "linux"
      ]
    },
    "node_modules/@rspack/binding-linux-arm64-musl": {
      "version": "1.3.12",
      "resolved": "https://registry.npmjs.org/@rspack/binding-linux-arm64-musl/-/binding-linux-arm64-musl-1.3.12.tgz",
      "integrity": "sha512-s6KKj20T9Z1bA8caIjU6EzJbwyDo1URNFgBAlafCT2UC6yX7flstDJJ38CxZacA9A2P24RuQK2/jPSZpWrTUFA==",
      "cpu": [
        "arm64"
      ],
      "dev": true,
      "license": "MIT",
      "optional": true,
      "os": [
        "linux"
      ]
    },
    "node_modules/@rspack/binding-linux-x64-gnu": {
      "version": "1.3.12",
      "resolved": "https://registry.npmjs.org/@rspack/binding-linux-x64-gnu/-/binding-linux-x64-gnu-1.3.12.tgz",
      "integrity": "sha512-0w/sRREYbRgHgWvs2uMEJSLfvzbZkPHUg6CMcYQGNVK6axYRot6jPyKetyFYA9pR5fB5rsXegpnFaZaVrRIK2g==",
      "cpu": [
        "x64"
      ],
      "dev": true,
      "license": "MIT",
      "optional": true,
      "os": [
        "linux"
      ]
    },
    "node_modules/@rspack/binding-linux-x64-musl": {
      "version": "1.3.12",
      "resolved": "https://registry.npmjs.org/@rspack/binding-linux-x64-musl/-/binding-linux-x64-musl-1.3.12.tgz",
      "integrity": "sha512-jEdxkPymkRxbijDRsBGdhopcbGXiXDg59lXqIRkVklqbDmZ/O6DHm7gImmlx5q9FoWbz0gqJuOKBz4JqWxjWVA==",
      "cpu": [
        "x64"
      ],
      "dev": true,
      "license": "MIT",
      "optional": true,
      "os": [
        "linux"
      ]
    },
    "node_modules/@rspack/binding-win32-arm64-msvc": {
      "version": "1.3.12",
      "resolved": "https://registry.npmjs.org/@rspack/binding-win32-arm64-msvc/-/binding-win32-arm64-msvc-1.3.12.tgz",
      "integrity": "sha512-ZRvUCb3TDLClAqcTsl/o9UdJf0B5CgzAxgdbnYJbldyuyMeTUB4jp20OfG55M3C2Nute2SNhu2bOOp9Se5Ongw==",
      "cpu": [
        "arm64"
      ],
      "dev": true,
      "license": "MIT",
      "optional": true,
      "os": [
        "win32"
      ]
    },
    "node_modules/@rspack/binding-win32-ia32-msvc": {
      "version": "1.3.12",
      "resolved": "https://registry.npmjs.org/@rspack/binding-win32-ia32-msvc/-/binding-win32-ia32-msvc-1.3.12.tgz",
      "integrity": "sha512-1TKPjuXStPJr14f3ZHuv40Xc/87jUXx10pzVtrPnw+f3hckECHrbYU/fvbVzZyuXbsXtkXpYca6ygCDRJAoNeQ==",
      "cpu": [
        "ia32"
      ],
      "dev": true,
      "license": "MIT",
      "optional": true,
      "os": [
        "win32"
      ]
    },
    "node_modules/@rspack/binding-win32-x64-msvc": {
      "version": "1.3.12",
      "resolved": "https://registry.npmjs.org/@rspack/binding-win32-x64-msvc/-/binding-win32-x64-msvc-1.3.12.tgz",
      "integrity": "sha512-lCR0JfnYKpV+a6r2A2FdxyUKUS4tajePgpPJN5uXDgMGwrDtRqvx+d0BHhwjFudQVJq9VVbRaL89s2MQ6u+xYw==",
      "cpu": [
        "x64"
      ],
      "dev": true,
      "license": "MIT",
      "optional": true,
      "os": [
        "win32"
      ]
    },
    "node_modules/@rspack/core": {
      "version": "1.3.12",
      "resolved": "https://registry.npmjs.org/@rspack/core/-/core-1.3.12.tgz",
      "integrity": "sha512-mAPmV4LPPRgxpouUrGmAE4kpF1NEWJGyM5coebsjK/zaCMSjw3mkdxiU2b5cO44oIi0Ifv5iGkvwbdrZOvMyFA==",
      "dev": true,
      "license": "MIT",
      "dependencies": {
        "@module-federation/runtime-tools": "0.14.0",
        "@rspack/binding": "1.3.12",
        "@rspack/lite-tapable": "1.0.1",
        "caniuse-lite": "^1.0.30001718"
      },
      "engines": {
        "node": ">=16.0.0"
      },
      "peerDependencies": {
        "@swc/helpers": ">=0.5.1"
      },
      "peerDependenciesMeta": {
        "@swc/helpers": {
          "optional": true
        }
      }
    },
    "node_modules/@rspack/lite-tapable": {
      "version": "1.0.1",
      "resolved": "https://registry.npmjs.org/@rspack/lite-tapable/-/lite-tapable-1.0.1.tgz",
      "integrity": "sha512-VynGOEsVw2s8TAlLf/uESfrgfrq2+rcXB1muPJYBWbsm1Oa6r5qVQhjA5ggM6z/coYPrsVMgovl3Ff7Q7OCp1w==",
      "dev": true,
      "license": "MIT",
      "engines": {
        "node": ">=16.0.0"
      }
    },
    "node_modules/@swc/helpers": {
      "version": "0.5.17",
      "resolved": "https://registry.npmjs.org/@swc/helpers/-/helpers-0.5.17.tgz",
      "integrity": "sha512-5IKx/Y13RsYd+sauPb2x+U/xZikHjolzfuDgTAl/Tdf3Q8rslRvC19NKDLgAJQ6wsqADk10ntlv08nPFw/gO/A==",
      "dev": true,
      "license": "Apache-2.0",
      "dependencies": {
        "tslib": "^2.8.0"
      }
    },
    "node_modules/@takram/three-atmosphere": {
      "version": "0.12.0",
      "resolved": "https://registry.npmjs.org/@takram/three-atmosphere/-/three-atmosphere-0.12.0.tgz",
      "integrity": "sha512-SVmzn7Nuwp2V0mHexJoSuK+qSLH+sT4WkaRLS1IuAucnPlDX65j9lHN7AJEhib4kCSG+qspuoiNqOu2IC8vJ0g==",
      "license": "MIT",
      "dependencies": {
        "@takram/three-geospatial": "0.2.2",
        "astronomy-engine": "^2.1.19",
        "react-merge-refs": "^3.0.2",
        "three-stdlib": "2.36.0",
        "tiny-invariant": "^1.3.3",
        "url-join": "^5.0.0"
      },
      "peerDependencies": {
        "@react-three/drei": ">=10.0.2",
        "@react-three/fiber": ">=9.0.4",
        "@react-three/postprocessing": ">=3.0.4",
        "postprocessing": ">=6.36.7",
        "react": ">=19.0",
        "three": ">=0.170.0"
      },
      "peerDependenciesMeta": {
        "@react-three/drei": {
          "optional": true
        },
        "@react-three/fiber": {
          "optional": true
        },
        "@react-three/postprocessing": {
          "optional": true
        },
        "react": {
          "optional": true
        }
      }
    },
    "node_modules/@takram/three-geospatial": {
      "version": "0.2.2",
      "resolved": "https://registry.npmjs.org/@takram/three-geospatial/-/three-geospatial-0.2.2.tgz",
      "integrity": "sha512-2/ZhjyeK+ouWf6Xqiyx749/Z1pP4yzM6g2x284uew3iKfqEMp2PK4vathXRdir81t/B/gUNq8C1CU8gBIGZbtg==",
      "license": "MIT",
      "dependencies": {
        "@petamoriken/float16": "^3.9.1",
        "react-merge-refs": "^3.0.2",
        "three-stdlib": "2.36.0",
        "tiny-invariant": "^1.3.3",
        "type-fest": "^4.33.0"
      },
      "peerDependencies": {
        "@react-three/fiber": ">=9.0.4",
        "react": ">=19.0",
        "three": ">=0.170.0"
      }
    },
    "node_modules/@types/draco3d": {
      "version": "1.4.10",
      "resolved": "https://registry.npmjs.org/@types/draco3d/-/draco3d-1.4.10.tgz",
      "integrity": "sha512-AX22jp8Y7wwaBgAixaSvkoG4M/+PlAcm3Qs4OW8yT9DM4xUpWKeFhLueTAyZF39pviAdcDdeJoACapiAceqNcw==",
      "license": "MIT"
    },
    "node_modules/@types/offscreencanvas": {
      "version": "2019.7.3",
      "resolved": "https://registry.npmjs.org/@types/offscreencanvas/-/offscreencanvas-2019.7.3.tgz",
      "integrity": "sha512-ieXiYmgSRXUDeOntE1InxjWyvEelZGP63M+cGuquuRLuIKKT1osnkXjxev9B7d1nXSug5vpunx+gNlbVxMlC9A==",
      "license": "MIT"
    },
    "node_modules/@types/react": {
      "version": "19.1.8",
      "resolved": "https://registry.npmjs.org/@types/react/-/react-19.1.8.tgz",
      "integrity": "sha512-AwAfQ2Wa5bCx9WP8nZL2uMZWod7J7/JSplxbTmBQ5ms6QpqNYm672H0Vu9ZVKVngQ+ii4R/byguVEUZQyeg44g==",
      "license": "MIT",
      "peer": true,
      "dependencies": {
        "csstype": "^3.0.2"
      }
    },
    "node_modules/@types/react-reconciler": {
      "version": "0.28.9",
      "resolved": "https://registry.npmjs.org/@types/react-reconciler/-/react-reconciler-0.28.9.tgz",
      "integrity": "sha512-HHM3nxyUZ3zAylX8ZEyrDNd2XZOnQ0D5XfunJF5FLQnZbHHYq4UWvW1QfelQNXv1ICNkwYhfxjwfnqivYB6bFg==",
      "license": "MIT",
      "peer": true,
      "peerDependencies": {
        "@types/react": "*"
      }
    },
    "node_modules/@types/webxr": {
      "version": "0.5.22",
      "resolved": "https://registry.npmjs.org/@types/webxr/-/webxr-0.5.22.tgz",
      "integrity": "sha512-Vr6Stjv5jPRqH690f5I5GLjVk8GSsoQSYJ2FVd/3jJF7KaqfwPi3ehfBS96mlQ2kPCwZaX6U0rG2+NGHBKkA/A==",
      "license": "MIT"
    },
    "node_modules/astronomy-engine": {
      "version": "2.1.19",
      "resolved": "https://registry.npmjs.org/astronomy-engine/-/astronomy-engine-2.1.19.tgz",
      "integrity": "sha512-8yWKNf7UeNbH458h3sAJ6ZgAjE5jTXp/mNNRFoC20j2SHwZIjAQeEsBB2Q3uCFRaTCCJRv33K2XhkhZQMXoX6w==",
      "license": "MIT"
    },
    "node_modules/base64-js": {
      "version": "1.5.1",
      "resolved": "https://registry.npmjs.org/base64-js/-/base64-js-1.5.1.tgz",
      "integrity": "sha512-AKpaYlHn8t4SVbOHCy+b5+KKgvR4vrsD8vbvrbiQJps7fKDTkjkDry6ji0rUJjC0kzbNePLwzxq8iypo41qeWA==",
      "funding": [
        {
          "type": "github",
          "url": "https://github.com/sponsors/feross"
        },
        {
          "type": "patreon",
          "url": "https://www.patreon.com/feross"
        },
        {
          "type": "consulting",
          "url": "https://feross.org/support"
        }
      ],
      "license": "MIT",
      "peer": true
    },
    "node_modules/buffer": {
      "version": "6.0.3",
      "resolved": "https://registry.npmjs.org/buffer/-/buffer-6.0.3.tgz",
      "integrity": "sha512-FTiCpNxtwiZZHEZbcbTIcZjERVICn9yq/pDFkTl95/AxzD1naBctN7YO68riM/gLSDY7sdrMby8hofADYuuqOA==",
      "funding": [
        {
          "type": "github",
          "url": "https://github.com/sponsors/feross"
        },
        {
          "type": "patreon",
          "url": "https://www.patreon.com/feross"
        },
        {
          "type": "consulting",
          "url": "https://feross.org/support"
        }
      ],
      "license": "MIT",
      "peer": true,
      "dependencies": {
        "base64-js": "^1.3.1",
        "ieee754": "^1.2.1"
      }
    },
    "node_modules/caniuse-lite": {
      "version": "1.0.30001724",
      "resolved": "https://registry.npmjs.org/caniuse-lite/-/caniuse-lite-1.0.30001724.tgz",
      "integrity": "sha512-WqJo7p0TbHDOythNTqYujmaJTvtYRZrjpP8TCvH6Vb9CYJerJNKamKzIWOM4BkQatWj9H2lYulpdAQNBe7QhNA==",
      "dev": true,
      "funding": [
        {
          "type": "opencollective",
          "url": "https://opencollective.com/browserslist"
        },
        {
          "type": "tidelift",
          "url": "https://tidelift.com/funding/github/npm/caniuse-lite"
        },
        {
          "type": "github",
          "url": "https://github.com/sponsors/ai"
        }
      ],
      "license": "CC-BY-4.0"
    },
    "node_modules/core-js": {
      "version": "3.42.0",
      "resolved": "https://registry.npmjs.org/core-js/-/core-js-3.42.0.tgz",
      "integrity": "sha512-Sz4PP4ZA+Rq4II21qkNqOEDTDrCvcANId3xpIgB34NDkWc3UduWj2dqEtN9yZIq8Dk3HyPI33x9sqqU5C8sr0g==",
      "dev": true,
      "hasInstallScript": true,
      "license": "MIT",
      "funding": {
        "type": "opencollective",
        "url": "https://opencollective.com/core-js"
      }
    },
    "node_modules/csstype": {
      "version": "3.1.3",
      "resolved": "https://registry.npmjs.org/csstype/-/csstype-3.1.3.tgz",
      "integrity": "sha512-M1uQkMl8rQK/szD0LNhtqxIPLpimGm8sOBwU7lLnCpSbTyY3yeU1Vc7l4KT5zT4s/yOxHH5O7tIuuLOCnLADRw==",
      "license": "MIT",
      "peer": true
    },
    "node_modules/culori": {
      "version": "4.0.1",
      "resolved": "https://registry.npmjs.org/culori/-/culori-4.0.1.tgz",
      "integrity": "sha512-LSnjA6HuIUOlkfKVbzi2OlToZE8OjFi667JWN9qNymXVXzGDmvuP60SSgC+e92sd7B7158f7Fy3Mb6rXS5EDPw==",
      "dev": true,
      "license": "MIT",
      "engines": {
        "node": "^12.20.0 || ^14.13.1 || >=16.0.0"
      }
    },
    "node_modules/draco3d": {
      "version": "1.5.7",
      "resolved": "https://registry.npmjs.org/draco3d/-/draco3d-1.5.7.tgz",
      "integrity": "sha512-m6WCKt/erDXcw+70IJXnG7M3awwQPAsZvJGX5zY7beBqpELw6RDGkYVU0W43AFxye4pDZ5i2Lbyc/NNGqwjUVQ==",
      "license": "Apache-2.0"
    },
    "node_modules/fflate": {
      "version": "0.6.10",
      "resolved": "https://registry.npmjs.org/fflate/-/fflate-0.6.10.tgz",
      "integrity": "sha512-IQrh3lEPM93wVCEczc9SaAOvkmcoQn/G8Bo1e8ZPlY3X3bnAxWaBdvTdvM1hP62iZp0BXWDy4vTAy4fF0+Dlpg==",
      "license": "MIT"
    },
    "node_modules/ieee754": {
      "version": "1.2.1",
      "resolved": "https://registry.npmjs.org/ieee754/-/ieee754-1.2.1.tgz",
      "integrity": "sha512-dcyqhDvX1C46lXZcVqCpK+FtMRQVdIMN6/Df5js2zouUsqG7I6sFxitIC+7KYK29KdXOLHdu9zL4sFnoVQnqaA==",
      "funding": [
        {
          "type": "github",
          "url": "https://github.com/sponsors/feross"
        },
        {
          "type": "patreon",
          "url": "https://www.patreon.com/feross"
        },
        {
          "type": "consulting",
          "url": "https://feross.org/support"
        }
      ],
      "license": "BSD-3-Clause",
      "peer": true
    },
    "node_modules/its-fine": {
      "version": "2.0.0",
      "resolved": "https://registry.npmjs.org/its-fine/-/its-fine-2.0.0.tgz",
      "integrity": "sha512-KLViCmWx94zOvpLwSlsx6yOCeMhZYaxrJV87Po5k/FoZzcPSahvK5qJ7fYhS61sZi5ikmh2S3Hz55A2l3U69ng==",
      "license": "MIT",
      "peer": true,
      "dependencies": {
        "@types/react-reconciler": "^0.28.9"
      },
      "peerDependencies": {
        "react": "^19.0.0"
      }
    },
    "node_modules/jiti": {
      "version": "2.4.2",
      "resolved": "https://registry.npmjs.org/jiti/-/jiti-2.4.2.tgz",
      "integrity": "sha512-rg9zJN+G4n2nfJl5MW3BMygZX56zKPNVEYYqq7adpmMh4Jn2QNEwhvQlFy6jPVdcod7txZtKHWnyZiA3a0zP7A==",
      "dev": true,
      "license": "MIT",
      "bin": {
        "jiti": "lib/jiti-cli.mjs"
      }
    },
    "node_modules/postprocessing": {
      "version": "6.37.4",
      "resolved": "https://registry.npmjs.org/postprocessing/-/postprocessing-6.37.4.tgz",
      "integrity": "sha512-O4dv29MDRSjXgMF1Luz3YHlT7NawKIliCfO2OgUCtIMTLNMCg+v0RLuT9/LQSDtVNXxUHGyy3mucbF3UePcElA==",
      "license": "Zlib",
      "peer": true,
      "peerDependencies": {
        "three": ">= 0.157.0 < 0.178.0"
      }
    },
    "node_modules/potpack": {
      "version": "1.0.2",
      "resolved": "https://registry.npmjs.org/potpack/-/potpack-1.0.2.tgz",
      "integrity": "sha512-choctRBIV9EMT9WGAZHn3V7t0Z2pMQyl0EZE6pFc/6ml3ssw7Dlf/oAOvFwjm1HVsqfQN8GfeFyJ+d8tRzqueQ==",
      "license": "ISC"
    },
    "node_modules/react": {
      "version": "19.1.0",
      "resolved": "https://registry.npmjs.org/react/-/react-19.1.0.tgz",
      "integrity": "sha512-FS+XFBNvn3GTAWq26joslQgWNoFu08F4kl0J4CgdNKADkdSGXQyTCnKteIAJy96Br6YbpEU1LSzV5dYtjMkMDg==",
      "license": "MIT",
      "peer": true,
      "engines": {
        "node": ">=0.10.0"
      }
    },
    "node_modules/react-merge-refs": {
      "version": "3.0.2",
      "resolved": "https://registry.npmjs.org/react-merge-refs/-/react-merge-refs-3.0.2.tgz",
      "integrity": "sha512-MSZAfwFfdbEvwkKWP5EI5chuLYnNUxNS7vyS0i1Jp+wtd8J4Ga2ddzhaE68aMol2Z4vCnRM/oGOo1a3V75UPlw==",
      "license": "MIT",
      "funding": {
        "type": "github",
        "url": "https://github.com/sponsors/gregberge"
      },
      "peerDependencies": {
        "react": ">=16.8.0 || ^17.0.0 || ^18.0.0 || ^19.0.0"
      },
      "peerDependenciesMeta": {
        "react": {
          "optional": true
        }
      }
    },
    "node_modules/react-reconciler": {
      "version": "0.31.0",
      "resolved": "https://registry.npmjs.org/react-reconciler/-/react-reconciler-0.31.0.tgz",
      "integrity": "sha512-7Ob7Z+URmesIsIVRjnLoDGwBEG/tVitidU0nMsqX/eeJaLY89RISO/10ERe0MqmzuKUUB1rmY+h1itMbUHg9BQ==",
      "license": "MIT",
      "peer": true,
      "dependencies": {
        "scheduler": "^0.25.0"
      },
      "engines": {
        "node": ">=0.10.0"
      },
      "peerDependencies": {
        "react": "^19.0.0"
      }
    },
    "node_modules/react-use-measure": {
      "version": "2.1.7",
      "resolved": "https://registry.npmjs.org/react-use-measure/-/react-use-measure-2.1.7.tgz",
      "integrity": "sha512-KrvcAo13I/60HpwGO5jpW7E9DfusKyLPLvuHlUyP5zqnmAPhNc6qTRjUQrdTADl0lpPpDVU2/Gg51UlOGHXbdg==",
      "license": "MIT",
      "peer": true,
      "peerDependencies": {
        "react": ">=16.13",
        "react-dom": ">=16.13"
      },
      "peerDependenciesMeta": {
        "react-dom": {
          "optional": true
        }
      }
    },
    "node_modules/scheduler": {
      "version": "0.25.0",
      "resolved": "https://registry.npmjs.org/scheduler/-/scheduler-0.25.0.tgz",
      "integrity": "sha512-xFVuu11jh+xcO7JOAGJNOXld8/TcEHK/4CituBUeUb5hqxJLj9YuemAEuvm9gQ/+pgXYfbQuqAkiYu+u7YEsNA==",
      "license": "MIT",
      "peer": true
    },
    "node_modules/suncalc": {
      "version": "1.9.0",
      "resolved": "https://registry.npmjs.org/suncalc/-/suncalc-1.9.0.tgz",
      "integrity": "sha512-vMJ8Byp1uIPoj+wb9c1AdK4jpkSKVAywgHX0lqY7zt6+EWRRC3Z+0Ucfjy/0yxTVO1hwwchZe4uoFNqrIC24+A==",
      "dev": true
    },
    "node_modules/suspend-react": {
      "version": "0.1.3",
      "resolved": "https://registry.npmjs.org/suspend-react/-/suspend-react-0.1.3.tgz",
      "integrity": "sha512-aqldKgX9aZqpoDp3e8/BZ8Dm7x1pJl+qI3ZKxDN0i/IQTWUwBx/ManmlVJ3wowqbno6c2bmiIfs+Um6LbsjJyQ==",
      "license": "MIT",
      "peer": true,
      "peerDependencies": {
        "react": ">=17.0"
      }
    },
    "node_modules/three": {
      "version": "0.177.0",
      "resolved": "https://registry.npmjs.org/three/-/three-0.177.0.tgz",
      "integrity": "sha512-EiXv5/qWAaGI+Vz2A+JfavwYCMdGjxVsrn3oBwllUoqYeaBO75J63ZfyaQKoiLrqNHoTlUc6PFgMXnS0kI45zg==",
      "license": "MIT"
    },
    "node_modules/three-stdlib": {
      "version": "2.36.0",
      "resolved": "https://registry.npmjs.org/three-stdlib/-/three-stdlib-2.36.0.tgz",
      "integrity": "sha512-kv0Byb++AXztEGsULgMAs8U2jgUdz6HPpAB/wDJnLiLlaWQX2APHhiTJIN7rqW+Of0eRgcp7jn05U1BsCP3xBA==",
      "license": "MIT",
      "dependencies": {
        "@types/draco3d": "^1.4.0",
        "@types/offscreencanvas": "^2019.6.4",
        "@types/webxr": "^0.5.2",
        "draco3d": "^1.4.1",
        "fflate": "^0.6.9",
        "potpack": "^1.0.1"
      },
      "peerDependencies": {
        "three": ">=0.128.0"
      }
    },
    "node_modules/tiny-invariant": {
      "version": "1.3.3",
      "resolved": "https://registry.npmjs.org/tiny-invariant/-/tiny-invariant-1.3.3.tgz",
      "integrity": "sha512-+FbBPE1o9QAYvviau/qC5SE3caw21q3xkvWKBtja5vgqOWIHHJ3ioaq1VPfn/Szqctz2bU/oYeKd9/z5BL+PVg==",
      "license": "MIT"
    },
    "node_modules/tslib": {
      "version": "2.8.1",
      "resolved": "https://registry.npmjs.org/tslib/-/tslib-2.8.1.tgz",
      "integrity": "sha512-oJFu94HQb+KVduSUQL7wnpmqnfmLsOA/nAh6b6EH0wCEoK0/mPeXU6c3wKDV83MkOuHPRHtSXKKU99IBazS/2w==",
      "dev": true,
      "license": "0BSD"
    },
    "node_modules/type-fest": {
      "version": "4.41.0",
      "resolved": "https://registry.npmjs.org/type-fest/-/type-fest-4.41.0.tgz",
      "integrity": "sha512-TeTSQ6H5YHvpqVwBRcnLDCBnDOHWYu7IvGbHT6N8AOymcr9PJGjc1GTtiWZTYg0NCgYwvnYWEkVChQAr9bjfwA==",
      "license": "(MIT OR CC0-1.0)",
      "engines": {
        "node": ">=16"
      },
      "funding": {
        "url": "https://github.com/sponsors/sindresorhus"
      }
    },
    "node_modules/url-join": {
      "version": "5.0.0",
      "resolved": "https://registry.npmjs.org/url-join/-/url-join-5.0.0.tgz",
      "integrity": "sha512-n2huDr9h9yzd6exQVnH/jU5mr+Pfx08LRXXZhkLLetAMESRj+anQsTAh940iMrIetKAmry9coFuZQ2jY8/p3WA==",
      "license": "MIT",
      "engines": {
        "node": "^12.20.0 || ^14.13.1 || >=16.0.0"
      }
    },
    "node_modules/use-sync-external-store": {
      "version": "1.5.0",
      "resolved": "https://registry.npmjs.org/use-sync-external-store/-/use-sync-external-store-1.5.0.tgz",
      "integrity": "sha512-Rb46I4cGGVBmjamjphe8L/UnvJD+uPPtTkNvX5mZgqdbavhI4EbgIWJiIHXJ8bc/i9EQGPRh4DwEURJ552Do0A==",
      "license": "MIT",
      "peer": true,
      "peerDependencies": {
        "react": "^16.8.0 || ^17.0.0 || ^18.0.0 || ^19.0.0"
      }
    },
    "node_modules/zustand": {
      "version": "5.0.5",
      "resolved": "https://registry.npmjs.org/zustand/-/zustand-5.0.5.tgz",
      "integrity": "sha512-mILtRfKW9xM47hqxGIxCv12gXusoY/xTSHBYApXozR0HmQv299whhBeeAcRy+KrPPybzosvJBCOmVjq6x12fCg==",
      "license": "MIT",
      "peer": true,
      "engines": {
        "node": ">=12.20.0"
      },
      "peerDependencies": {
        "@types/react": ">=18.0.0",
        "immer": ">=9.0.6",
        "react": ">=18.0.0",
        "use-sync-external-store": ">=1.2.0"
      },
      "peerDependenciesMeta": {
        "@types/react": {
          "optional": true
        },
        "immer": {
          "optional": true
        },
        "react": {
          "optional": true
        },
        "use-sync-external-store": {
          "optional": true
        }
      }
    }
  }
}
